
Microsoft Visual Studio Solution File, Format Version 12.00
# Visual Studio Version 17
VisualStudioVersion = 17.2.32616.157
MinimumVisualStudioVersion = 10.0.40219.1
Project("{FAE04EC0-301F-11D3-BF4B-00C04F79EFBC}") = "aula winforms", "aula winforms.csproj", "{ABE398DA-A44E-41BA-AEE0-03AAC6A9812D}"
EndProject
Global
	GlobalSection(SolutionConfigurationPlatforms) = preSolution
		Debug|Any CPU = Debug|Any CPU
		Release|Any CPU = Release|Any CPU
	EndGlobalSection
	GlobalSection(ProjectConfigurationPlatforms) = postSolution
		{ABE398DA-A44E-41BA-AEE0-03AAC6A9812D}.Debug|Any CPU.ActiveCfg = Debug|Any CPU
		{ABE398DA-A44E-41BA-AEE0-03AAC6A9812D}.Debug|Any CPU.Build.0 = Debug|Any CPU
		{ABE398DA-A44E-41BA-AEE0-03AAC6A9812D}.Release|Any CPU.ActiveCfg = Release|Any CPU
		{ABE398DA-A44E-41BA-AEE0-03AAC6A9812D}.Release|Any CPU.Build.0 = Release|Any CPU
	EndGlobalSection
	GlobalSection(SolutionProperties) = preSolution
		HideSolutionNode = FALSE
	EndGlobalSection
	GlobalSection(ExtensibilityGlobals) = postSolution
		SolutionGuid = {6223AEEF-A954-4C6C-9BD4-B3674DECCEB8}
	EndGlobalSection
EndGlobal
