
Microsoft Visual Studio Solution File, Format Version 12.00
# Visual Studio Version 17
VisualStudioVersion = 17.2.32616.157
MinimumVisualStudioVersion = 10.0.40219.1
Project("{FAE04EC0-301F-11D3-BF4B-00C04F79EFBC}") = "Metodos ordenacao", "Metodos ordenacao.csproj", "{5070AB27-ACBB-4EB6-9759-BFF0249557B6}"
EndProject
Global
	GlobalSection(SolutionConfigurationPlatforms) = preSolution
		Debug|Any CPU = Debug|Any CPU
		Release|Any CPU = Release|Any CPU
	EndGlobalSection
	GlobalSection(ProjectConfigurationPlatforms) = postSolution
		{5070AB27-ACBB-4EB6-9759-BFF0249557B6}.Debug|Any CPU.ActiveCfg = Debug|Any CPU
		{5070AB27-ACBB-4EB6-9759-BFF0249557B6}.Debug|Any CPU.Build.0 = Debug|Any CPU
		{5070AB27-ACBB-4EB6-9759-BFF0249557B6}.Release|Any CPU.ActiveCfg = Release|Any CPU
		{5070AB27-ACBB-4EB6-9759-BFF0249557B6}.Release|Any CPU.Build.0 = Release|Any CPU
	EndGlobalSection
	GlobalSection(SolutionProperties) = preSolution
		HideSolutionNode = FALSE
	EndGlobalSection
	GlobalSection(ExtensibilityGlobals) = postSolution
		SolutionGuid = {905AD123-5920-4062-967B-3B486E9E5613}
	EndGlobalSection
EndGlobal
